// !$*UTF8*$!
{
	archiveVersion = 1;
	classes = {
	};
	objectVersion = 56;
	objects = {

/* Begin PBXBuildFile section */
		DDAA59B72DBE0AB4006F6F3A /* AppDelegate.swift in Sources */ = {isa = PBXBuildFile; fileRef = DDAA59B62DBE0AB4006F6F3A /* AppDelegate.swift */; };
		DDAA59B92DBE0AB4006F6F3A /* GameScene.sks in Resources */ = {isa = PBXBuildFile; fileRef = DDAA59B82DBE0AB4006F6F3A /* GameScene.sks */; };
		DDAA59BB2DBE0AB4006F6F3A /* Actions.sks in Resources */ = {isa = PBXBuildFile; fileRef = DDAA59BA2DBE0AB4006F6F3A /* Actions.sks */; };
		DDAA59BD2DBE0AB4006F6F3A /* GameScene.swift in Sources */ = {isa = PBXBuildFile; fileRef = DDAA59BC2DBE0AB4006F6F3A /* GameScene.swift */; };
		DDAA59BF2DBE0AB4006F6F3A /* GameViewController.swift in Sources */ = {isa = PBXBuildFile; fileRef = DDAA59BE2DBE0AB4006F6F3A /* GameViewController.swift */; };
		DDAA59C22DBE0AB4006F6F3A /* Main.storyboard in Resources */ = {isa = PBXBuildFile; fileRef = DDAA59C02DBE0AB4006F6F3A /* Main.storyboard */; };
		DDAA59C42DBE0AB8006F6F3A /* Assets.xcassets in Resources */ = {isa = PBXBuildFile; fileRef = DDAA59C32DBE0AB8006F6F3A /* Assets.xcassets */; };
		DDAA59C72DBE0AB8006F6F3A /* LaunchScreen.storyboard in Resources */ = {isa = PBXBuildFile; fileRef = DDAA59C52DBE0AB8006F6F3A /* LaunchScreen.storyboard */; };
/* End PBXBuildFile section */

/* Begin PBXFileReference section */
		DDAA59B32DBE0AB4006F6F3A /* MockCombat.app */ = {isa = PBXFileReference; explicitFileType = wrapper.application; includeInIndex = 0; path = MockCombat.app; sourceTree = BUILT_PRODUCTS_DIR; };
		DDAA59B62DBE0AB4006F6F3A /* AppDelegate.swift */ = {isa = PBXFileReference; lastKnownFileType = sourcecode.swift; path = AppDelegate.swift; sourceTree = "<group>"; };
		DDAA59B82DBE0AB4006F6F3A /* GameScene.sks */ = {isa = PBXFileReference; lastKnownFileType = file.sks; path = GameScene.sks; sourceTree = "<group>"; };
		DDAA59BA2DBE0AB4006F6F3A /* Actions.sks */ = {isa = PBXFileReference; lastKnownFileType = file.sks; path = Actions.sks; sourceTree = "<group>"; };
		DDAA59BC2DBE0AB4006F6F3A /* GameScene.swift */ = {isa = PBXFileReference; lastKnownFileType = sourcecode.swift; path = GameScene.swift; sourceTree = "<group>"; };
		DDAA59BE2DBE0AB4006F6F3A /* GameViewController.swift */ = {isa = PBXFileReference; lastKnownFileType = sourcecode.swift; path = GameViewController.swift; sourceTree = "<group>"; };
		DDAA59C12DBE0AB4006F6F3A /* Base */ = {isa = PBXFileReference; lastKnownFileType = file.storyboard; name = Base; path = Base.lproj/Main.storyboard; sourceTree = "<group>"; };
		DDAA59C32DBE0AB8006F6F3A /* Assets.xcassets */ = {isa = PBXFileReference; lastKnownFileType = folder.assetcatalog; path = Assets.xcassets; sourceTree = "<group>"; };
		DDAA59C62DBE0AB8006F6F3A /* Base */ = {isa = PBXFileReference; lastKnownFileType = file.storyboard; name = Base; path = Base.lproj/LaunchScreen.storyboard; sourceTree = "<group>"; };
/* End PBXFileReference section */

/* Begin PBXFrameworksBuildPhase section */
		DDAA59B02DBE0AB4006F6F3A /* Frameworks */ = {
			isa = PBXFrameworksBuildPhase;
			buildActionMask = 2147483647;
			files = (
			);
			runOnlyForDeploymentPostprocessing = 0;
		};
/* End PBXFrameworksBuildPhase section */

/* Begin PBXGroup section */
		DDAA59AA2DBE0AB4006F6F3A = {
			isa = PBXGroup;
			children = (
				DDAA59B52DBE0AB4006F6F3A /* MockCombat */,
				DDAA59B42DBE0AB4006F6F3A /* Products */,
			);
			sourceTree = "<group>";
		};
		DDAA59B42DBE0AB4006F6F3A /* Products */ = {
			isa = PBXGroup;
			children = (
				DDAA59B32DBE0AB4006F6F3A /* MockCombat.app */,
			);
			name = Products;
			sourceTree = "<group>";
		};
		DDAA59B52DBE0AB4006F6F3A /* MockCombat */ = {
			isa = PBXGroup;
			children = (
				DDAA59B62DBE0AB4006F6F3A /* AppDelegate.swift */,
				DDAA59B82DBE0AB4006F6F3A /* GameScene.sks */,
				DDAA59BA2DBE0AB4006F6F3A /* Actions.sks */,
				DDAA59BC2DBE0AB4006F6F3A /* GameScene.swift */,
				DDAA59BE2DBE0AB4006F6F3A /* GameViewController.swift */,
				DDAA59C02DBE0AB4006F6F3A /* Main.storyboard */,
				DDAA59C32DBE0AB8006F6F3A /* Assets.xcassets */,
				DDAA59C52DBE0AB8006F6F3A /* LaunchScreen.storyboard */,
			);
			path = MockCombat;
			sourceTree = "<group>";
		};
/* End PBXGroup section */

/* Begin PBXNativeTarget section */
		DDAA59B22DBE0AB4006F6F3A /* MockCombat */ = {
			isa = PBXNativeTarget;
			buildConfigurationList = DDAA59CA2DBE0AB8006F6F3A /* Build configuration list for PBXNativeTarget "MockCombat" */;
			buildPhases = (
				DDAA59AF2DBE0AB4006F6F3A /* Sources */,
				DDAA59B02DBE0AB4006F6F3A /* Frameworks */,
				DDAA59B12DBE0AB4006F6F3A /* Resources */,
			);
			buildRules = (
			);
			dependencies = (
			);
			name = MockCombat;
			productName = MockCombat;
			productReference = DDAA59B32DBE0AB4006F6F3A /* MockCombat.app */;
			productType = "com.apple.product-type.application";
		};
/* End PBXNativeTarget section */

/* Begin PBXProject section */
		DDAA59AB2DBE0AB4006F6F3A /* Project object */ = {
			isa = PBXProject;
			attributes = {
				BuildIndependentTargetsInParallel = 1;
				LastSwiftUpdateCheck = 1420;
				LastUpgradeCheck = 1420;
				TargetAttributes = {
					DDAA59B22DBE0AB4006F6F3A = {
						CreatedOnToolsVersion = 14.2;
					};
				};
			};
			buildConfigurationList = DDAA59AE2DBE0AB4006F6F3A /* Build configuration list for PBXProject "MockCombat" */;
			compatibilityVersion = "Xcode 14.0";
			developmentRegion = en;
			hasScannedForEncodings = 0;
			knownRegions = (
				en,
				Base,
			);
			mainGroup = DDAA59AA2DBE0AB4006F6F3A;
			productRefGroup = DDAA59B42DBE0AB4006F6F3A /* Products */;
			projectDirPath = "";
			projectRoot = "";
			targets = (
				DDAA59B22DBE0AB4006F6F3A /* MockCombat */,
			);
		};
/* End PBXProject section */

/* Begin PBXResourcesBuildPhase section */
		DDAA59B12DBE0AB4006F6F3A /* Resources */ = {
			isa = PBXResourcesBuildPhase;
			buildActionMask = 2147483647;
			files = (
				DDAA59C22DBE0AB4006F6F3A /* Main.storyboard in Resources */,
				DDAA59B92DBE0AB4006F6F3A /* GameScene.sks in Resources */,
				DDAA59C42DBE0AB8006F6F3A /* Assets.xcassets in Resources */,
				DDAA59C72DBE0AB8006F6F3A /* LaunchScreen.storyboard in Resources */,
				DDAA59BB2DBE0AB4006F6F3A /* Actions.sks in Resources */,
			);
			runOnlyForDeploymentPostprocessing = 0;
		};
/* End PBXResourcesBuildPhase section */

/* Begin PBXSourcesBuildPhase section */
		DDAA59AF2DBE0AB4006F6F3A /* Sources */ = {
			isa = PBXSourcesBuildPhase;
			buildActionMask = 2147483647;
			files = (
				DDAA59BD2DBE0AB4006F6F3A /* GameScene.swift in Sources */,
				DDAA59BF2DBE0AB4006F6F3A /* GameViewController.swift in Sources */,
				DDAA59B72DBE0AB4006F6F3A /* AppDelegate.swift in Sources */,
			);
			runOnlyForDeploymentPostprocessing = 0;
		};
/* End PBXSourcesBuildPhase section */

/* Begin PBXVariantGroup section */
		DDAA59C02DBE0AB4006F6F3A /* Main.storyboard */ = {
			isa = PBXVariantGroup;
			children = (
				DDAA59C12DBE0AB4006F6F3A /* Base */,
			);
			name = Main.storyboard;
			sourceTree = "<group>";
		};
		DDAA59C52DBE0AB8006F6F3A /* LaunchScreen.storyboard */ = {
			isa = PBXVariantGroup;
			children = (
				DDAA59C62DBE0AB8006F6F3A /* Base */,
			);
			name = LaunchScreen.storyboard;
			sourceTree = "<group>";
		};
/* End PBXVariantGroup section */

/* Begin XCBuildConfiguration section */
		DDAA59C82DBE0AB8006F6F3A /* Debug */ = {
			isa = XCBuildConfiguration;
			buildSettings = {
				ALWAYS_SEARCH_USER_PATHS = NO;
				CLANG_ANALYZER_NONNULL = YES;
				CLANG_ANALYZER_NUMBER_OBJECT_CONVERSION = YES_AGGRESSIVE;
				CLANG_CXX_LANGUAGE_STANDARD = "gnu++20";
				CLANG_ENABLE_MODULES = YES;
				CLANG_ENABLE_OBJC_ARC = YES;
				CLANG_ENABLE_OBJC_WEAK = YES;
				CLANG_WARN_BLOCK_CAPTURE_AUTORELEASING = YES;
				CLANG_WARN_BOOL_CONVERSION = YES;
				CLANG_WARN_COMMA = YES;
				CLANG_WARN_CONSTANT_CONVERSION = YES;
				CLANG_WARN_DEPRECATED_OBJC_IMPLEMENTATIONS = YES;
				CLANG_WARN_DIRECT_OBJC_ISA_USAGE = YES_ERROR;
				CLANG_WARN_DOCUMENTATION_COMMENTS = YES;
				CLANG_WARN_EMPTY_BODY = YES;
				CLANG_WARN_ENUM_CONVERSION = YES;
				CLANG_WARN_INFINITE_RECURSION = YES;
				CLANG_WARN_INT_CONVERSION = YES;
				CLANG_WARN_NON_LITERAL_NULL_CONVERSION = YES;
				CLANG_WARN_OBJC_IMPLICIT_RETAIN_SELF = YES;
				CLANG_WARN_OBJC_LITERAL_CONVERSION = YES;
				CLANG_WARN_OBJC_ROOT_CLASS = YES_ERROR;
				CLANG_WARN_QUOTED_INCLUDE_IN_FRAMEWORK_HEADER = YES;
				CLANG_WARN_RANGE_LOOP_ANALYSIS = YES;
				CLANG_WARN_STRICT_PROTOTYPES = YES;
				CLANG_WARN_SUSPICIOUS_MOVE = YES;
				CLANG_WARN_UNGUARDED_AVAILABILITY = YES_AGGRESSIVE;
				CLANG_WARN_UNREACHABLE_CODE = YES;
				CLANG_WARN__DUPLICATE_METHOD_MATCH = YES;
				COPY_PHASE_STRIP = NO;
				DEBUG_INFORMATION_FORMAT = dwarf;
				ENABLE_STRICT_OBJC_MSGSEND = YES;
				ENABLE_TESTABILITY = YES;
				GCC_C_LANGUAGE_STANDARD = gnu11;
				GCC_DYNAMIC_NO_PIC = NO;
				GCC_NO_COMMON_BLOCKS = YES;
				GCC_OPTIMIZATION_LEVEL = 0;
				GCC_PREPROCESSOR_DEFINITIONS = (
					"DEBUG=1",
					"$(inherited)",
				);
				GCC_WARN_64_TO_32_BIT_CONVERSION = YES;
				GCC_WARN_ABOUT_RETURN_TYPE = YES_ERROR;
				GCC_WARN_UNDECLARED_SELECTOR = YES;
				GCC_WARN_UNINITIALIZED_AUTOS = YES_AGGRESSIVE;
				GCC_WARN_UNUSED_FUNCTION = YES;
				GCC_WARN_UNUSED_VARIABLE = YES;
				IPHONEOS_DEPLOYMENT_TARGET = 15.0;
				MTL_ENABLE_DEBUG_INFO = INCLUDE_SOURCE;
				MTL_FAST_MATH = YES;
				ONLY_ACTIVE_ARCH = YES;
				SDKROOT = iphoneos;
				SWIFT_ACTIVE_COMPILATION_CONDITIONS = DEBUG;
				SWIFT_OPTIMIZATION_LEVEL = "-Onone";
			};
			name = Debug;
		};
		DDAA59C92DBE0AB8006F6F3A /* Release */ = {
			isa = XCBuildConfiguration;
			buildSettings = {
				ALWAYS_SEARCH_USER_PATHS = NO;
				CLANG_ANALYZER_NONNULL = YES;
				CLANG_ANALYZER_NUMBER_OBJECT_CONVERSION = YES_AGGRESSIVE;
				CLANG_CXX_LANGUAGE_STANDARD = "gnu++20";
				CLANG_ENABLE_MODULES = YES;
				CLANG_ENABLE_OBJC_ARC = YES;
				CLANG_ENABLE_OBJC_WEAK = YES;
				CLANG_WARN_BLOCK_CAPTURE_AUTORELEASING = YES;
				CLANG_WARN_BOOL_CONVERSION = YES;
				CLANG_WARN_COMMA = YES;
				CLANG_WARN_CONSTANT_CONVERSION = YES;
				CLANG_WARN_DEPRECATED_OBJC_IMPLEMENTATIONS = YES;
				CLANG_WARN_DIRECT_OBJC_ISA_USAGE = YES_ERROR;
				CLANG_WARN_DOCUMENTATION_COMMENTS = YES;
				CLANG_WARN_EMPTY_BODY = YES;
				CLANG_WARN_ENUM_CONVERSION = YES;
				CLANG_WARN_INFINITE_RECURSION = YES;
				CLANG_WARN_INT_CONVERSION = YES;
				CLANG_WARN_NON_LITERAL_NULL_CONVERSION = YES;
				CLANG_WARN_OBJC_IMPLICIT_RETAIN_SELF = YES;
				CLANG_WARN_OBJC_LITERAL_CONVERSION = YES;
				CLANG_WARN_OBJC_ROOT_CLASS = YES_ERROR;
				CLANG_WARN_QUOTED_INCLUDE_IN_FRAMEWORK_HEADER = YES;
				CLANG_WARN_RANGE_LOOP_ANALYSIS = YES;
				CLANG_WARN_STRICT_PROTOTYPES = YES;
				CLANG_WARN_SUSPICIOUS_MOVE = YES;
				CLANG_WARN_UNGUARDED_AVAILABILITY = YES_AGGRESSIVE;
				CLANG_WARN_UNREACHABLE_CODE = YES;
				CLANG_WARN__DUPLICATE_METHOD_MATCH = YES;
				COPY_PHASE_STRIP = NO;
				DEBUG_INFORMATION_FORMAT = "dwarf-with-dsym";
				ENABLE_NS_ASSERTIONS = NO;
				ENABLE_STRICT_OBJC_MSGSEND = YES;
				GCC_C_LANGUAGE_STANDARD = gnu11;
				GCC_NO_COMMON_BLOCKS = YES;
				GCC_WARN_64_TO_32_BIT_CONVERSION = YES;
				GCC_WARN_ABOUT_RETURN_TYPE = YES_ERROR;
				GCC_WARN_UNDECLARED_SELECTOR = YES;
				GCC_WARN_UNINITIALIZED_AUTOS = YES_AGGRESSIVE;
				GCC_WARN_UNUSED_FUNCTION = YES;
				GCC_WARN_UNUSED_VARIABLE = YES;
				IPHONEOS_DEPLOYMENT_TARGET = 15.0;
				MTL_ENABLE_DEBUG_INFO = NO;
				MTL_FAST_MATH = YES;
				SDKROOT = iphoneos;
				SWIFT_COMPILATION_MODE = wholemodule;
				SWIFT_OPTIMIZATION_LEVEL = "-O";
				VALIDATE_PRODUCT = YES;
			};
			name = Release;
		};
		DDAA59CB2DBE0AB8006F6F3A /* Debug */ = {
			isa = XCBuildConfiguration;
			buildSettings = {
				ASSETCATALOG_COMPILER_APPICON_NAME = AppIcon;
				ASSETCATALOG_COMPILER_GLOBAL_ACCENT_COLOR_NAME = AccentColor;
				CODE_SIGN_STYLE = Automatic;
				CURRENT_PROJECT_VERSION = 1;
				DEVELOPMENT_TEAM = 7YW3V66545;
				GENERATE_INFOPLIST_FILE = YES;
				INFOPLIST_KEY_UIApplicationSupportsIndirectInputEvents = YES;
				INFOPLIST_KEY_UILaunchStoryboardName = LaunchScreen;
				INFOPLIST_KEY_UIMainStoryboardFile = Main;
				INFOPLIST_KEY_UIStatusBarHidden = YES;
				INFOPLIST_KEY_UISupportedInterfaceOrientations = UIInterfaceOrientationPortrait;
				INFOPLIST_KEY_UISupportedInterfaceOrientations_iPad = "UIInterfaceOrientationLandscapeLeft UIInterfaceOrientationLandscapeRight UIInterfaceOrientationPortrait UIInterfaceOrientationPortraitUpsideDown";
				IPHONEOS_DEPLOYMENT_TARGET = 15.0;
				LD_RUNPATH_SEARCH_PATHS = (
					"$(inherited)",
					"@executable_path/Frameworks",
				);
				MARKETING_VERSION = 1.0;
				PRODUCT_BUNDLE_IDENTIFIER = HieroniusTeam.MockCombat;
				PRODUCT_NAME = "$(TARGET_NAME)";
				SUPPORTED_PLATFORMS = "iphoneos iphonesimulator";
				SUPPORTS_MACCATALYST = NO;
				SUPPORTS_MAC_DESIGNED_FOR_IPHONE_IPAD = NO;
				SWIFT_EMIT_LOC_STRINGS = YES;
				SWIFT_VERSION = 5.0;
				TARGETED_DEVICE_FAMILY = 1;
			};
			name = Debug;
		};
		DDAA59CC2DBE0AB8006F6F3A /* Release */ = {
			isa = XCBuildConfiguration;
			buildSettings = {
				ASSETCATALOG_COMPILER_APPICON_NAME = AppIcon;
				ASSETCATALOG_COMPILER_GLOBAL_ACCENT_COLOR_NAME = AccentColor;
				CODE_SIGN_STYLE = Automatic;
				CURRENT_PROJECT_VERSION = 1;
				DEVELOPMENT_TEAM = 7YW3V66545;
				GENERATE_INFOPLIST_FILE = YES;
				INFOPLIST_KEY_UIApplicationSupportsIndirectInputEvents = YES;
				INFOPLIST_KEY_UILaunchStoryboardName = LaunchScreen;
				INFOPLIST_KEY_UIMainStoryboardFile = Main;
				INFOPLIST_KEY_UIStatusBarHidden = YES;
				INFOPLIST_KEY_UISupportedInterfaceOrientations = UIInterfaceOrientationPortrait;
				INFOPLIST_KEY_UISupportedInterfaceOrientations_iPad = "UIInterfaceOrientationLandscapeLeft UIInterfaceOrientationLandscapeRight UIInterfaceOrientationPortrait UIInterfaceOrientationPortraitUpsideDown";
				IPHONEOS_DEPLOYMENT_TARGET = 15.0;
				LD_RUNPATH_SEARCH_PATHS = (
					"$(inherited)",
					"@executable_path/Frameworks",
				);
				MARKETING_VERSION = 1.0;
				PRODUCT_BUNDLE_IDENTIFIER = HieroniusTeam.MockCombat;
				PRODUCT_NAME = "$(TARGET_NAME)";
				SUPPORTED_PLATFORMS = "iphoneos iphonesimulator";
				SUPPORTS_MACCATALYST = NO;
				SUPPORTS_MAC_DESIGNED_FOR_IPHONE_IPAD = NO;
				SWIFT_EMIT_LOC_STRINGS = YES;
				SWIFT_VERSION = 5.0;
				TARGETED_DEVICE_FAMILY = 1;
			};
			name = Release;
		};
/* End XCBuildConfiguration section */

/* Begin XCConfigurationList section */
		DDAA59AE2DBE0AB4006F6F3A /* Build configuration list for PBXProject "MockCombat" */ = {
			isa = XCConfigurationList;
			buildConfigurations = (
				DDAA59C82DBE0AB8006F6F3A /* Debug */,
				DDAA59C92DBE0AB8006F6F3A /* Release */,
			);
			defaultConfigurationIsVisible = 0;
			defaultConfigurationName = Release;
		};
		DDAA59CA2DBE0AB8006F6F3A /* Build configuration list for PBXNativeTarget "MockCombat" */ = {
			isa = XCConfigurationList;
			buildConfigurations = (
				DDAA59CB2DBE0AB8006F6F3A /* Debug */,
				DDAA59CC2DBE0AB8006F6F3A /* Release */,
			);
			defaultConfigurationIsVisible = 0;
			defaultConfigurationName = Release;
		};
/* End XCConfigurationList section */
	};
	rootObject = DDAA59AB2DBE0AB4006F6F3A /* Project object */;
}
